
Microsoft Visual Studio Solution File, Format Version 12.00
# Visual Studio 14
VisualStudioVersion = 14.0.24720.0
MinimumVisualStudioVersion = 10.0.40219.1
Project("{FAE04EC0-301F-11D3-BF4B-00C04F79EFBC}") = "Epam.Wunderlist.Web", "Epam.Wunderlist.Web\Epam.Wunderlist.Web.csproj", "{7AD8D8D2-19E1-4ECA-90B3-3CEBDCF1B728}"
EndProject
Project("{FAE04EC0-301F-11D3-BF4B-00C04F79EFBC}") = "Epam.Wunderlist.DataAccess.MsSql", "Epam.Wunderlist.DataAccess.MsSql\Epam.Wunderlist.DataAccess.MsSql.csproj", "{7A056ECD-4E65-4ADD-81A4-A1278E32A01B}"
EndProject
Project("{FAE04EC0-301F-11D3-BF4B-00C04F79EFBC}") = "Epam.Wunderlist.Models", "Epam.Wunderlist.Models\Epam.Wunderlist.Models.csproj", "{A7F8DE6C-835E-4C4B-B7A1-21F491E95CCF}"
EndProject
Project("{FAE04EC0-301F-11D3-BF4B-00C04F79EFBC}") = "Epam.Wunderlist.Services", "Epam.Wunderlist.Services\Epam.Wunderlist.Services.csproj", "{816623AE-1BC8-4577-96B0-D698FDE81975}"
EndProject
Project("{FAE04EC0-301F-11D3-BF4B-00C04F79EFBC}") = "Epam.Wunderlist.DataAccess.Interfaces", "Epam.Wunderlist.DataAccess.Interfaces\Epam.Wunderlist.DataAccess.Interfaces.csproj", "{78ACA394-2979-46C8-A9F7-52F5346B875E}"
EndProject
Project("{FAE04EC0-301F-11D3-BF4B-00C04F79EFBC}") = "Epam.Wunderlist.DependencyResolver", "Epam.Wunderlist.DependencyResolver\Epam.Wunderlist.DependencyResolver.csproj", "{81562776-1CDB-41EB-8F9F-1C4E24E399E3}"
EndProject
Global
	GlobalSection(SolutionConfigurationPlatforms) = preSolution
		Debug|Any CPU = Debug|Any CPU
		Release|Any CPU = Release|Any CPU
	EndGlobalSection
	GlobalSection(ProjectConfigurationPlatforms) = postSolution
		{7AD8D8D2-19E1-4ECA-90B3-3CEBDCF1B728}.Debug|Any CPU.ActiveCfg = Debug|Any CPU
		{7AD8D8D2-19E1-4ECA-90B3-3CEBDCF1B728}.Debug|Any CPU.Build.0 = Debug|Any CPU
		{7AD8D8D2-19E1-4ECA-90B3-3CEBDCF1B728}.Release|Any CPU.ActiveCfg = Release|Any CPU
		{7AD8D8D2-19E1-4ECA-90B3-3CEBDCF1B728}.Release|Any CPU.Build.0 = Release|Any CPU
		{7A056ECD-4E65-4ADD-81A4-A1278E32A01B}.Debug|Any CPU.ActiveCfg = Debug|Any CPU
		{7A056ECD-4E65-4ADD-81A4-A1278E32A01B}.Debug|Any CPU.Build.0 = Debug|Any CPU
		{7A056ECD-4E65-4ADD-81A4-A1278E32A01B}.Release|Any CPU.ActiveCfg = Release|Any CPU
		{7A056ECD-4E65-4ADD-81A4-A1278E32A01B}.Release|Any CPU.Build.0 = Release|Any CPU
		{A7F8DE6C-835E-4C4B-B7A1-21F491E95CCF}.Debug|Any CPU.ActiveCfg = Debug|Any CPU
		{A7F8DE6C-835E-4C4B-B7A1-21F491E95CCF}.Debug|Any CPU.Build.0 = Debug|Any CPU
		{A7F8DE6C-835E-4C4B-B7A1-21F491E95CCF}.Release|Any CPU.ActiveCfg = Release|Any CPU
		{A7F8DE6C-835E-4C4B-B7A1-21F491E95CCF}.Release|Any CPU.Build.0 = Release|Any CPU
		{816623AE-1BC8-4577-96B0-D698FDE81975}.Debug|Any CPU.ActiveCfg = Debug|Any CPU
		{816623AE-1BC8-4577-96B0-D698FDE81975}.Debug|Any CPU.Build.0 = Debug|Any CPU
		{816623AE-1BC8-4577-96B0-D698FDE81975}.Release|Any CPU.ActiveCfg = Release|Any CPU
		{816623AE-1BC8-4577-96B0-D698FDE81975}.Release|Any CPU.Build.0 = Release|Any CPU
		{78ACA394-2979-46C8-A9F7-52F5346B875E}.Debug|Any CPU.ActiveCfg = Debug|Any CPU
		{78ACA394-2979-46C8-A9F7-52F5346B875E}.Debug|Any CPU.Build.0 = Debug|Any CPU
		{78ACA394-2979-46C8-A9F7-52F5346B875E}.Release|Any CPU.ActiveCfg = Release|Any CPU
		{78ACA394-2979-46C8-A9F7-52F5346B875E}.Release|Any CPU.Build.0 = Release|Any CPU
		{81562776-1CDB-41EB-8F9F-1C4E24E399E3}.Debug|Any CPU.ActiveCfg = Debug|Any CPU
		{81562776-1CDB-41EB-8F9F-1C4E24E399E3}.Debug|Any CPU.Build.0 = Debug|Any CPU
		{81562776-1CDB-41EB-8F9F-1C4E24E399E3}.Release|Any CPU.ActiveCfg = Release|Any CPU
		{81562776-1CDB-41EB-8F9F-1C4E24E399E3}.Release|Any CPU.Build.0 = Release|Any CPU
	EndGlobalSection
	GlobalSection(SolutionProperties) = preSolution
		HideSolutionNode = FALSE
	EndGlobalSection
EndGlobal
